
Microsoft Visual Studio Solution File, Format Version 12.00
# Visual Studio Version 17
VisualStudioVersion = 17.6.33815.320
MinimumVisualStudioVersion = 10.0.40219.1
Project("{FAE04EC0-301F-11D3-BF4B-00C04F79EFBC}") = "CalculoIndiceAcademico", "CalculoIndiceAcademico\CalculoIndiceAcademico.csproj", "{91BAB088-1A53-4EA5-BC35-5C0666E2A92A}"
EndProject
Global
	GlobalSection(SolutionConfigurationPlatforms) = preSolution
		Debug|Any CPU = Debug|Any CPU
		Release|Any CPU = Release|Any CPU
	EndGlobalSection
	GlobalSection(ProjectConfigurationPlatforms) = postSolution
		{91BAB088-1A53-4EA5-BC35-5C0666E2A92A}.Debug|Any CPU.ActiveCfg = Debug|Any CPU
		{91BAB088-1A53-4EA5-BC35-5C0666E2A92A}.Debug|Any CPU.Build.0 = Debug|Any CPU
		{91BAB088-1A53-4EA5-BC35-5C0666E2A92A}.Release|Any CPU.ActiveCfg = Release|Any CPU
		{91BAB088-1A53-4EA5-BC35-5C0666E2A92A}.Release|Any CPU.Build.0 = Release|Any CPU
	EndGlobalSection
	GlobalSection(SolutionProperties) = preSolution
		HideSolutionNode = FALSE
	EndGlobalSection
	GlobalSection(ExtensibilityGlobals) = postSolution
		SolutionGuid = {76EB71F4-C18F-4812-B08E-EA0F4EF6DC85}
	EndGlobalSection
EndGlobal
